
Microsoft Visual Studio Solution File, Format Version 12.00
# Visual Studio Version 16
VisualStudioVersion = 16.0.29326.143
MinimumVisualStudioVersion = 10.0.40219.1
Project("{FAE04EC0-301F-11D3-BF4B-00C04F79EFBC}") = "lab08-linq", "lab08-linq\lab08-linq.csproj", "{6FA71980-688F-43E6-AF1A-C60CF34B802C}"
EndProject
Global
	GlobalSection(SolutionConfigurationPlatforms) = preSolution
		Debug|Any CPU = Debug|Any CPU
		Release|Any CPU = Release|Any CPU
	EndGlobalSection
	GlobalSection(ProjectConfigurationPlatforms) = postSolution
		{6FA71980-688F-43E6-AF1A-C60CF34B802C}.Debug|Any CPU.ActiveCfg = Debug|Any CPU
		{6FA71980-688F-43E6-AF1A-C60CF34B802C}.Debug|Any CPU.Build.0 = Debug|Any CPU
		{6FA71980-688F-43E6-AF1A-C60CF34B802C}.Release|Any CPU.ActiveCfg = Release|Any CPU
		{6FA71980-688F-43E6-AF1A-C60CF34B802C}.Release|Any CPU.Build.0 = Release|Any CPU
	EndGlobalSection
	GlobalSection(SolutionProperties) = preSolution
		HideSolutionNode = FALSE
	EndGlobalSection
	GlobalSection(ExtensibilityGlobals) = postSolution
		SolutionGuid = {838A4666-7A40-472F-ABC9-A9F8B92171A9}
	EndGlobalSection
EndGlobal
